{
  "name": "obix-todoapp",
  "version": "1.0.0",
  "lockfileVersion": 3,
  "requires": true,
  "packages": {
    "": {
      "name": "obix-todoapp",
      "version": "1.0.0",
      "license": "ISC",
      "dependencies": {
        "@obinexusltd/obix-cli": "^0.1.1"
      }
    },
    "node_modules/@obinexusltd/obix-cli": {
      "version": "0.1.1",
      "resolved": "https://registry.npmjs.org/@obinexusltd/obix-cli/-/obix-cli-0.1.1.tgz",
      "integrity": "sha512-95YDj3j1eHIWZNi0Ve+sSYDTILpZyihwuPjVychLLYMr3xQPs0fiKjrlENeOKObDxctTsLo1TjJaxytU2S6vUg==",
      "license": "MIT",
      "dependencies": {
        "@obinexusltd/obix-core": "^0.1.0"
      },
      "bin": {
        "obix": "dist/bin.js"
      }
    },
    "node_modules/@obinexusltd/obix-core": {
      "version": "0.1.0",
      "resolved": "https://registry.npmjs.org/@obinexusltd/obix-core/-/obix-core-0.1.0.tgz",
      "integrity": "sha512-YyTEWhPO5t2nAmPep6vcGO9jJVgVp8qjRoLZ2cE44t/+HNH4RPbZQq97uCaIvt5AI8M+vpunOsdDuFjLzM6TEw==",
      "license": "MIT"
    }
  }
}
